
Microsoft Visual Studio Solution File, Format Version 12.00
# Visual Studio Version 17
VisualStudioVersion = 17.0.32002.185
MinimumVisualStudioVersion = 10.0.40219.1
Project("{9A19103F-16F7-4668-BE54-9A1E7A4F7556}") = "PublisherDomain", "PublisherDomain\PublisherDomain.csproj", "{7A32B208-80A7-4BEF-82DB-065824CF0B31}"
EndProject
Project("{9A19103F-16F7-4668-BE54-9A1E7A4F7556}") = "PublisherConsole", "PublisherConsole\PublisherConsole.csproj", "{808FAB6D-C534-4A7C-8054-20E32E2D381C}"
EndProject
Project("{9A19103F-16F7-4668-BE54-9A1E7A4F7556}") = "PublisherData", "PublisherData\PublisherData.csproj", "{C6EF47CA-0433-4D22-B799-9D140ADA4753}"
EndProject
Project("{2150E333-8FDC-42A3-9474-1A3956D46DE8}") = "Solution Items", "Solution Items", "{F1B4F52E-BBE3-4212-99FA-74EC0D276620}"
	ProjectSection(SolutionItems) = preProject
		EfCore6_1.cs = EfCore6_1.cs
		EfCore6_2.cs = EfCore6_2.cs
		EfCore6_3.cs = EfCore6_3.cs
		EfCore6_4.cs = EfCore6_4.cs
		EfCore6_5.cs = EfCore6_5.cs
		EfCore6_6.cs = EfCore6_6.cs
		EfCore6_7.cs = EfCore6_7.cs
	EndProjectSection
EndProject
Project("{9A19103F-16F7-4668-BE54-9A1E7A4F7556}") = "Publisher.Api", "Publisher.Api\Publisher.Api.csproj", "{61BE0670-F184-415A-A748-E70F05A9294F}"
EndProject
Project("{2150E333-8FDC-42A3-9474-1A3956D46DE8}") = "EF 2", "EF 2", "{F56AE9D9-7229-42D9-833C-74D5B2A306B8}"
	ProjectSection(SolutionItems) = preProject
		C:\Users\Admin\Dropbox\My PC (LAPTOP-1CFGPDON)\Downloads\ef-core-6-mapping-real-world-cases\04\demos\Demo 1\CarvedRock\CarvedRock.DataAccess\Migrations\20221001091402_GetOrders.cs = C:\Users\Admin\Dropbox\My PC (LAPTOP-1CFGPDON)\Downloads\ef-core-6-mapping-real-world-cases\04\demos\Demo 1\CarvedRock\CarvedRock.DataAccess\Migrations\20221001091402_GetOrders.cs
		C:\Users\Admin\Dropbox\My PC (LAPTOP-1CFGPDON)\Downloads\ef-core-6-mapping-real-world-cases\04\demos\Demo 1\CarvedRock\CarvedRock.DataAccess\Migrations\20221001091812_GetOrdersByCustomerId.cs = C:\Users\Admin\Dropbox\My PC (LAPTOP-1CFGPDON)\Downloads\ef-core-6-mapping-real-world-cases\04\demos\Demo 1\CarvedRock\CarvedRock.DataAccess\Migrations\20221001091812_GetOrdersByCustomerId.cs
		C:\Users\Admin\Dropbox\My PC (LAPTOP-1CFGPDON)\Downloads\ef-core-6-mapping-real-world-cases\04\demos\Demo 1\CarvedRock\CarvedRock.DataAccess\Migrations\20221001094721_CustomerOrdersView.cs = C:\Users\Admin\Dropbox\My PC (LAPTOP-1CFGPDON)\Downloads\ef-core-6-mapping-real-world-cases\04\demos\Demo 1\CarvedRock\CarvedRock.DataAccess\Migrations\20221001094721_CustomerOrdersView.cs
		CallingSP.cs = CallingSP.cs
		CallingView.cs = CallingView.cs
		C:\Users\Admin\Dropbox\My PC (LAPTOP-1CFGPDON)\Downloads\ef-core-6-mapping-real-world-cases\04\demos\Demo 1\CarvedRock\CarvedRock.DataAccess\Models\CustomerOrder.cs = C:\Users\Admin\Dropbox\My PC (LAPTOP-1CFGPDON)\Downloads\ef-core-6-mapping-real-world-cases\04\demos\Demo 1\CarvedRock\CarvedRock.DataAccess\Models\CustomerOrder.cs
		EFCore2_1.cs = EFCore2_1.cs
	EndProjectSection
EndProject
Global
	GlobalSection(SolutionConfigurationPlatforms) = preSolution
		Debug|Any CPU = Debug|Any CPU
		Release|Any CPU = Release|Any CPU
	EndGlobalSection
	GlobalSection(ProjectConfigurationPlatforms) = postSolution
		{7A32B208-80A7-4BEF-82DB-065824CF0B31}.Debug|Any CPU.ActiveCfg = Debug|Any CPU
		{7A32B208-80A7-4BEF-82DB-065824CF0B31}.Debug|Any CPU.Build.0 = Debug|Any CPU
		{7A32B208-80A7-4BEF-82DB-065824CF0B31}.Release|Any CPU.ActiveCfg = Release|Any CPU
		{7A32B208-80A7-4BEF-82DB-065824CF0B31}.Release|Any CPU.Build.0 = Release|Any CPU
		{808FAB6D-C534-4A7C-8054-20E32E2D381C}.Debug|Any CPU.ActiveCfg = Debug|Any CPU
		{808FAB6D-C534-4A7C-8054-20E32E2D381C}.Debug|Any CPU.Build.0 = Debug|Any CPU
		{808FAB6D-C534-4A7C-8054-20E32E2D381C}.Release|Any CPU.ActiveCfg = Release|Any CPU
		{808FAB6D-C534-4A7C-8054-20E32E2D381C}.Release|Any CPU.Build.0 = Release|Any CPU
		{C6EF47CA-0433-4D22-B799-9D140ADA4753}.Debug|Any CPU.ActiveCfg = Debug|Any CPU
		{C6EF47CA-0433-4D22-B799-9D140ADA4753}.Debug|Any CPU.Build.0 = Debug|Any CPU
		{C6EF47CA-0433-4D22-B799-9D140ADA4753}.Release|Any CPU.ActiveCfg = Release|Any CPU
		{C6EF47CA-0433-4D22-B799-9D140ADA4753}.Release|Any CPU.Build.0 = Release|Any CPU
		{61BE0670-F184-415A-A748-E70F05A9294F}.Debug|Any CPU.ActiveCfg = Debug|Any CPU
		{61BE0670-F184-415A-A748-E70F05A9294F}.Debug|Any CPU.Build.0 = Debug|Any CPU
		{61BE0670-F184-415A-A748-E70F05A9294F}.Release|Any CPU.ActiveCfg = Release|Any CPU
		{61BE0670-F184-415A-A748-E70F05A9294F}.Release|Any CPU.Build.0 = Release|Any CPU
	EndGlobalSection
	GlobalSection(SolutionProperties) = preSolution
		HideSolutionNode = FALSE
	EndGlobalSection
	GlobalSection(NestedProjects) = preSolution
		{F56AE9D9-7229-42D9-833C-74D5B2A306B8} = {F1B4F52E-BBE3-4212-99FA-74EC0D276620}
	EndGlobalSection
	GlobalSection(ExtensibilityGlobals) = postSolution
		SolutionGuid = {959D76DA-7FA8-447D-8384-844C78629D77}
	EndGlobalSection
EndGlobal
